<?xml version="1.0" encoding="utf-8"?>
<Project ToolsVersion="4.0" xmlns="http://schemas.microsoft.com/developer/msbuild/2003">
  <ItemGroup>
    <Filter Include="ImGui">
      <UniqueIdentifier>{3c072587-3530-471a-8016-8b365895b401}</UniqueIdentifier>
    </Filter>
    <Filter Include="shaders">
      <UniqueIdentifier>{67DA6AB6-F800-4c08-8B7A-83BB121AAD01}</UniqueIdentifier>
      <Extensions>rc;ico;cur;bmp;dlg;rc2;rct;bin;rgs;gif;jpg;jpeg;jpe;resx;tiff;tif;png;wav;mfcribbon-ms</Extensions>
    </Filter>
    <Filter Include="Engine">
      <UniqueIdentifier>{8d53b574-d700-4b43-b329-67c4e71f455f}</UniqueIdentifier>
    </Filter>
    <Filter Include="Game">
      <UniqueIdentifier>{826581d2-6f69-46b8-8d95-da7acb670207}</UniqueIdentifier>
    </Filter>
    <Filter Include="Engine\Audio">
      <UniqueIdentifier>{4e0401bb-1645-4063-97af-fc6cdd30d4c1}</UniqueIdentifier>
    </Filter>
    <Filter Include="Engine\PostEffect">
      <UniqueIdentifier>{05ffde40-28be-4861-b2e5-0a7602aeba55}</UniqueIdentifier>
    </Filter>
    <Filter Include="Engine\GPUResource">
      <UniqueIdentifier>{25322dc5-2d40-4691-8d4c-016755611460}</UniqueIdentifier>
    </Filter>
    <Filter Include="Engine\Collider">
      <UniqueIdentifier>{3b8b40cb-24d3-4a5b-813d-d921c18c8024}</UniqueIdentifier>
    </Filter>
    <Filter Include="Engine\Graphics">
      <UniqueIdentifier>{a34502d8-f614-4497-b439-9c13d35c5074}</UniqueIdentifier>
    </Filter>
    <Filter Include="Engine\GameComponent">
      <UniqueIdentifier>{0d50efd7-9491-40ef-915b-37715d373269}</UniqueIdentifier>
    </Filter>
    <Filter Include="Engine\Math">
      <UniqueIdentifier>{9094f20f-2560-4204-b596-b09d0dd3d68a}</UniqueIdentifier>
    </Filter>
    <Filter Include="Engine\Input">
      <UniqueIdentifier>{70c46f3f-b832-4a61-88bc-072e56ec9be5}</UniqueIdentifier>
    </Filter>
    <Filter Include="Engine\ImGui">
      <UniqueIdentifier>{8f6d7cdf-c698-4080-b2e2-ae5db5107696}</UniqueIdentifier>
    </Filter>
    <Filter Include="Engine\Particle">
      <UniqueIdentifier>{959eacc0-6bc1-4a03-b10f-3d83aa1546dc}</UniqueIdentifier>
    </Filter>
    <Filter Include="Engine\Texture">
      <UniqueIdentifier>{af21d9bf-f074-4066-9105-c691986910ed}</UniqueIdentifier>
    </Filter>
    <Filter Include="Engine\Helper">
      <UniqueIdentifier>{db4f3341-6541-47a5-b7de-1fde552d8cb1}</UniqueIdentifier>
    </Filter>
    <Filter Include="Engine\Rederer">
      <UniqueIdentifier>{bc96998d-67d7-46d7-a091-775a2021acfe}</UniqueIdentifier>
    </Filter>
    <Filter Include="Engine\Model">
      <UniqueIdentifier>{e753ea71-5e5a-45da-9668-ac1bf955a527}</UniqueIdentifier>
    </Filter>
    <Filter Include="Engine\Camera">
      <UniqueIdentifier>{3cb05c3c-7617-4c7d-871f-5267f6ef035e}</UniqueIdentifier>
    </Filter>
    <Filter Include="Game\Stage">
      <UniqueIdentifier>{a1455d2e-93d7-4409-bbd5-0168b5fadb9d}</UniqueIdentifier>
    </Filter>
    <Filter Include="Engine\Light">
      <UniqueIdentifier>{e2d2a9da-f2bd-4b73-9bdb-aa663bd4e5eb}</UniqueIdentifier>
    </Filter>
    <Filter Include="ShadowMap">
      <UniqueIdentifier>{971fd058-a497-4ad5-bf36-9c124fba408c}</UniqueIdentifier>
    </Filter>
    <Filter Include="Engine\Coumpute">
      <UniqueIdentifier>{0b07330f-4bf6-4632-9cd0-489434d24142}</UniqueIdentifier>
    </Filter>
    <Filter Include="Game\Character">
      <UniqueIdentifier>{ad0acef1-320e-495e-854d-242f1018fb82}</UniqueIdentifier>
    </Filter>
    <Filter Include="Game\Scene">
      <UniqueIdentifier>{fce6313e-9184-4fe0-a6a6-73d39ea7edf5}</UniqueIdentifier>
    </Filter>
  </ItemGroup>
  <ItemGroup>
    <ClCompile Include="externals\imgui\imgui.cpp">
      <Filter>ImGui</Filter>
    </ClCompile>
    <ClCompile Include="externals\imgui\imgui_demo.cpp">
      <Filter>ImGui</Filter>
    </ClCompile>
    <ClCompile Include="externals\imgui\imgui_draw.cpp">
      <Filter>ImGui</Filter>
    </ClCompile>
    <ClCompile Include="externals\imgui\imgui_impl_dx12.cpp">
      <Filter>ImGui</Filter>
    </ClCompile>
    <ClCompile Include="externals\imgui\imgui_impl_win32.cpp">
      <Filter>ImGui</Filter>
    </ClCompile>
    <ClCompile Include="externals\imgui\imgui_tables.cpp">
      <Filter>ImGui</Filter>
    </ClCompile>
    <ClCompile Include="externals\imgui\imgui_widgets.cpp">
      <Filter>ImGui</Filter>
    </ClCompile>
    <ClCompile Include="main.cpp">
      <Filter>Engine</Filter>
    </ClCompile>
    <ClCompile Include="GameScene.cpp">
      <Filter>Game</Filter>
    </ClCompile>
    <ClCompile Include="GameObject.cpp">
      <Filter>Game</Filter>
    </ClCompile>
    <ClCompile Include="Skydome.cpp">
      <Filter>Game</Filter>
    </ClCompile>
    <ClCompile Include="DustParticle.cpp">
      <Filter>Game</Filter>
    </ClCompile>
    <ClCompile Include="Player.cpp">
      <Filter>Game</Filter>
    </ClCompile>
    <ClCompile Include="WhiteParticle.cpp">
      <Filter>Game</Filter>
    </ClCompile>
    <ClCompile Include="Audio.cpp">
      <Filter>Engine\Audio</Filter>
    </ClCompile>
    <ClCompile Include="Bloom.cpp">
      <Filter>Engine\PostEffect</Filter>
    </ClCompile>
    <ClCompile Include="GaussianBlur.cpp">
      <Filter>Engine\PostEffect</Filter>
    </ClCompile>
    <ClCompile Include="ColorBuffer.cpp">
      <Filter>Engine\GPUResource</Filter>
    </ClCompile>
    <ClCompile Include="DepthBuffer.cpp">
      <Filter>Engine\GPUResource</Filter>
    </ClCompile>
    <ClCompile Include="PixelBuffer.cpp">
      <Filter>Engine\GPUResource</Filter>
    </ClCompile>
    <ClCompile Include="PostEffect.cpp">
      <Filter>Engine\PostEffect</Filter>
    </ClCompile>
    <ClCompile Include="CommandContext.cpp">
      <Filter>Engine\Graphics</Filter>
    </ClCompile>
    <ClCompile Include="CommandQueue.cpp">
      <Filter>Engine\Graphics</Filter>
    </ClCompile>
    <ClCompile Include="DirectXCommon.cpp">
      <Filter>Engine\Graphics</Filter>
    </ClCompile>
    <ClCompile Include="ShaderManager.cpp">
      <Filter>Engine\Graphics</Filter>
    </ClCompile>
    <ClCompile Include="DescriptorHeap.cpp">
      <Filter>Engine\Graphics</Filter>
    </ClCompile>
    <ClCompile Include="GlobalVariables.cpp">
      <Filter>Engine\GameComponent</Filter>
    </ClCompile>
    <ClCompile Include="Material.cpp">
      <Filter>Engine\GameComponent</Filter>
    </ClCompile>
    <ClCompile Include="Sprite.cpp">
      <Filter>Engine\GameComponent</Filter>
    </ClCompile>
    <ClCompile Include="WorldTransform.cpp">
      <Filter>Engine\GameComponent</Filter>
    </ClCompile>
    <ClCompile Include="Easing.cpp">
      <Filter>Engine\Math</Filter>
    </ClCompile>
    <ClCompile Include="Input.cpp">
      <Filter>Engine\Input</Filter>
    </ClCompile>
    <ClCompile Include="ImGuiManager.cpp">
      <Filter>Engine\ImGui</Filter>
    </ClCompile>
    <ClCompile Include="ParticleBox.cpp">
      <Filter>Engine\Particle</Filter>
    </ClCompile>
    <ClCompile Include="Particle.cpp">
      <Filter>Engine\Particle</Filter>
    </ClCompile>
    <ClCompile Include="PipelineState.cpp">
      <Filter>Engine\Graphics</Filter>
    </ClCompile>
    <ClCompile Include="RootSignature.cpp">
      <Filter>Engine\Graphics</Filter>
    </ClCompile>
    <ClCompile Include="SwapChain.cpp">
      <Filter>Engine\Graphics</Filter>
    </ClCompile>
    <ClCompile Include="UploadBuffer.cpp">
      <Filter>Engine\GPUResource</Filter>
    </ClCompile>
    <ClCompile Include="TextureManager.cpp">
      <Filter>Engine\Texture</Filter>
    </ClCompile>
    <ClCompile Include="WinApp.cpp">
      <Filter>Engine\Graphics</Filter>
    </ClCompile>
    <ClCompile Include="Helper.cpp">
      <Filter>Engine\Helper</Filter>
    </ClCompile>
    <ClCompile Include="DWParam.cpp">
      <Filter>Engine\Helper</Filter>
    </ClCompile>
    <ClCompile Include="Renderer.cpp">
      <Filter>Engine\Rederer</Filter>
    </ClCompile>
    <ClCompile Include="ModelManager.cpp">
      <Filter>Engine\Model</Filter>
    </ClCompile>
    <ClCompile Include="Model.cpp">
      <Filter>Engine\Model</Filter>
    </ClCompile>
    <ClCompile Include="Mesh.cpp">
      <Filter>Engine\Model</Filter>
    </ClCompile>
    <ClCompile Include="DeferredRenderer.cpp">
      <Filter>Engine\PostEffect</Filter>
    </ClCompile>
    <ClCompile Include="EdgeRenderer.cpp">
      <Filter>Engine\PostEffect</Filter>
    </ClCompile>
    <ClCompile Include="DebugCamera.cpp">
      <Filter>Engine\Camera</Filter>
    </ClCompile>
    <ClCompile Include="Camera.cpp">
      <Filter>Engine\Camera</Filter>
    </ClCompile>
    <ClCompile Include="ViewProjection.cpp">
      <Filter>Engine\Camera</Filter>
    </ClCompile>
    <ClCompile Include="Collider.cpp">
      <Filter>Engine\Collider</Filter>
    </ClCompile>
    <ClCompile Include="Game\Stage\Stage.cpp">
      <Filter>Game\Stage</Filter>
    </ClCompile>
    <ClCompile Include="DirectionalLights.cpp">
      <Filter>Engine\Light</Filter>
    </ClCompile>
    <ClCompile Include="PointLights.cpp">
      <Filter>Engine\Light</Filter>
    </ClCompile>
    <ClCompile Include="SpotLights.cpp">
      <Filter>Engine\Light</Filter>
    </ClCompile>
    <ClCompile Include="ShadowMap.cpp">
      <Filter>ShadowMap</Filter>
    </ClCompile>
    <ClCompile Include="Enemies.cpp">
      <Filter>Game</Filter>
    </ClCompile>
    <ClCompile Include="Game\Stage\WallLight.cpp">
      <Filter>Game\Stage</Filter>
    </ClCompile>
    <ClCompile Include="Game\Stage\Wall.cpp">
      <Filter>Game\Stage</Filter>
    </ClCompile>
    <ClCompile Include="ShadowSpotLights.cpp">
      <Filter>Engine\Light</Filter>
    </ClCompile>
    <ClCompile Include="SpotLightShadowMap.cpp">
      <Filter>ShadowMap</Filter>
    </ClCompile>
    <ClCompile Include="LightNumBuffer.cpp">
      <Filter>Engine\Light</Filter>
    </ClCompile>
    <ClCompile Include="Game\Stage\Floor.cpp">
      <Filter>Game\Stage</Filter>
    </ClCompile>
    <ClCompile Include="Game\Stage\Truck.cpp">
      <Filter>Game\Stage</Filter>
    </ClCompile>
    <ClCompile Include="Game\Character\NormalEnemy.cpp">
      <Filter>Game\Character</Filter>
    </ClCompile>
    <ClCompile Include="Game\Character\EnemyManager.cpp">
      <Filter>Game\Character</Filter>
    </ClCompile>
    <ClCompile Include="ShadowEdgeRenderer.cpp">
      <Filter>Engine\PostEffect</Filter>
    </ClCompile>
    <ClCompile Include="Compute.cpp">
      <Filter>Engine\Coumpute</Filter>
    </ClCompile>
    <ClCompile Include="ShadowIsCollision.cpp">
      <Filter>Engine\Coumpute</Filter>
    </ClCompile>
    <ClCompile Include="WoodBox.cpp">
      <Filter>Game\Stage</Filter>
    </ClCompile>
    <ClCompile Include="Game\Character\BaseCharacter.cpp">
      <Filter>Game\Character</Filter>
    </ClCompile>
    <ClCompile Include="Game\Character\NormalLightEnemy.cpp">
      <Filter>Game\Character</Filter>
    </ClCompile>
    <ClCompile Include="Game\Character\ThornEnemy.cpp">
      <Filter>Game\Character</Filter>
    </ClCompile>
    <ClCompile Include="Game\Character\StandLightEnemy.cpp">
      <Filter>Game\Character</Filter>
    </ClCompile>
    <ClCompile Include="Game\Character\CannonEnemy.cpp">
      <Filter>Game\Character</Filter>
    </ClCompile>
    <ClCompile Include="Game\Scene\CreateStageScene.cpp">
      <Filter>Game\Scene</Filter>
    </ClCompile>
    <ClCompile Include="Game\Scene\InGameScene.cpp">
      <Filter>Game\Scene</Filter>
    </ClCompile>
    <ClCompile Include="Game\Scene\TitleScene.cpp">
      <Filter>Game\Scene</Filter>
    </ClCompile>
    <ClCompile Include="DepthRenderer.cpp">
      <Filter>Engine\Model</Filter>
    </ClCompile>
    <ClCompile Include="Game\Character\Coin.cpp">
      <Filter>Game\Character</Filter>
    </ClCompile>
    <ClCompile Include="Game\Stage\MoveFloor.cpp">
      <Filter>Game\Stage</Filter>
    </ClCompile>
    <ClCompile Include="ShadowHitParticle.cpp">
      <Filter>Game\Stage</Filter>
    </ClCompile>
    <ClCompile Include="HitParticle.cpp">
      <Filter>Game</Filter>
    </ClCompile>
  </ItemGroup>
  <ItemGroup>
    <ClInclude Include="externals\imgui\imconfig.h">
      <Filter>ImGui</Filter>
    </ClInclude>
    <ClInclude Include="externals\imgui\imgui.h">
      <Filter>ImGui</Filter>
    </ClInclude>
    <ClInclude Include="externals\imgui\imgui_impl_dx12.h">
      <Filter>ImGui</Filter>
    </ClInclude>
    <ClInclude Include="externals\imgui\imgui_impl_win32.h">
      <Filter>ImGui</Filter>
    </ClInclude>
    <ClInclude Include="externals\imgui\imgui_internal.h">
      <Filter>ImGui</Filter>
    </ClInclude>
    <ClInclude Include="externals\imgui\imstb_rectpack.h">
      <Filter>ImGui</Filter>
    </ClInclude>
    <ClInclude Include="externals\imgui\imstb_textedit.h">
      <Filter>ImGui</Filter>
    </ClInclude>
    <ClInclude Include="externals\imgui\imstb_truetype.h">
      <Filter>ImGui</Filter>
    </ClInclude>
    <ClInclude Include="GameScene.h">
      <Filter>Game</Filter>
    </ClInclude>
    <ClInclude Include="GameObject.h">
      <Filter>Game</Filter>
    </ClInclude>
    <ClInclude Include="Skydome.h">
      <Filter>Game</Filter>
    </ClInclude>
    <ClInclude Include="DustParticle.h">
      <Filter>Game</Filter>
    </ClInclude>
    <ClInclude Include="Player.h">
      <Filter>Game</Filter>
    </ClInclude>
    <ClInclude Include="WhiteParticle.h">
      <Filter>Game</Filter>
    </ClInclude>
    <ClInclude Include="Audio.h">
      <Filter>Engine\Audio</Filter>
    </ClInclude>
    <ClInclude Include="Bloom.h">
      <Filter>Engine\PostEffect</Filter>
    </ClInclude>
    <ClInclude Include="GaussianBlur.h">
      <Filter>Engine\PostEffect</Filter>
    </ClInclude>
    <ClInclude Include="ColorBuffer.h">
      <Filter>Engine\GPUResource</Filter>
    </ClInclude>
    <ClInclude Include="DepthBuffer.h">
      <Filter>Engine\GPUResource</Filter>
    </ClInclude>
    <ClInclude Include="DescriptorHandle.h">
      <Filter>Engine\GPUResource</Filter>
    </ClInclude>
    <ClInclude Include="GPUResource.h">
      <Filter>Engine\GPUResource</Filter>
    </ClInclude>
    <ClInclude Include="PixelBuffer.h">
      <Filter>Engine\GPUResource</Filter>
    </ClInclude>
    <ClInclude Include="PostEffect.h">
      <Filter>Engine\PostEffect</Filter>
    </ClInclude>
    <ClInclude Include="Collider.h">
      <Filter>Engine\Collider</Filter>
    </ClInclude>
    <ClInclude Include="CommandContext.h">
      <Filter>Engine\Graphics</Filter>
    </ClInclude>
    <ClInclude Include="CommandQueue.h">
      <Filter>Engine\Graphics</Filter>
    </ClInclude>
    <ClInclude Include="DirectXCommon.h">
      <Filter>Engine\Graphics</Filter>
    </ClInclude>
    <ClInclude Include="ShaderManager.h">
      <Filter>Engine\Graphics</Filter>
    </ClInclude>
    <ClInclude Include="DescriptorHeap.h">
      <Filter>Engine\Graphics</Filter>
    </ClInclude>
    <ClInclude Include="GlobalVariables.h">
      <Filter>Engine\GameComponent</Filter>
    </ClInclude>
    <ClInclude Include="Material.h">
      <Filter>Engine\GameComponent</Filter>
    </ClInclude>
    <ClInclude Include="Sprite.h">
      <Filter>Engine\GameComponent</Filter>
    </ClInclude>
    <ClInclude Include="WorldTransform.h">
      <Filter>Engine\GameComponent</Filter>
    </ClInclude>
    <ClInclude Include="Easing.h">
      <Filter>Engine\Math</Filter>
    </ClInclude>
    <ClInclude Include="Mymath.h">
      <Filter>Engine\Math</Filter>
    </ClInclude>
    <ClInclude Include="Input.h">
      <Filter>Engine\Input</Filter>
    </ClInclude>
    <ClInclude Include="ImGuiManager.h">
      <Filter>Engine\ImGui</Filter>
    </ClInclude>
    <ClInclude Include="Particle.h">
      <Filter>Engine\Particle</Filter>
    </ClInclude>
    <ClInclude Include="ParticleBox.h">
      <Filter>Engine\Particle</Filter>
    </ClInclude>
    <ClInclude Include="PipelineState.h">
      <Filter>Engine\Graphics</Filter>
    </ClInclude>
    <ClInclude Include="RootSignature.h">
      <Filter>Engine\Graphics</Filter>
    </ClInclude>
    <ClInclude Include="SwapChain.h">
      <Filter>Engine\Graphics</Filter>
    </ClInclude>
    <ClInclude Include="UploadBuffer.h">
      <Filter>Engine\GPUResource</Filter>
    </ClInclude>
    <ClInclude Include="TextureManager.h">
      <Filter>Engine\Texture</Filter>
    </ClInclude>
    <ClInclude Include="WinApp.h">
      <Filter>Engine\Graphics</Filter>
    </ClInclude>
    <ClInclude Include="Helper.h">
      <Filter>Engine\Helper</Filter>
    </ClInclude>
    <ClInclude Include="DWParam.h">
      <Filter>Engine\Helper</Filter>
    </ClInclude>
    <ClInclude Include="Renderer.h">
      <Filter>Engine\Rederer</Filter>
    </ClInclude>
    <ClInclude Include="ModelManager.h">
      <Filter>Engine\Model</Filter>
    </ClInclude>
    <ClInclude Include="Model.h">
      <Filter>Engine\Model</Filter>
    </ClInclude>
    <ClInclude Include="Mesh.h">
      <Filter>Engine\Model</Filter>
    </ClInclude>
    <ClInclude Include="DeferredRenderer.h">
      <Filter>Engine\PostEffect</Filter>
    </ClInclude>
    <ClInclude Include="EdgeRenderer.h">
      <Filter>Engine\PostEffect</Filter>
    </ClInclude>
    <ClInclude Include="DebugCamera.h">
      <Filter>Engine\Camera</Filter>
    </ClInclude>
    <ClInclude Include="Camera.h">
      <Filter>Engine\Camera</Filter>
    </ClInclude>
    <ClInclude Include="ViewProjection.h">
      <Filter>Engine\Camera</Filter>
    </ClInclude>
    <ClInclude Include="Game\Stage\Stage.h">
      <Filter>Game\Stage</Filter>
    </ClInclude>
    <ClInclude Include="DirectionalLights.h">
      <Filter>Engine\Light</Filter>
    </ClInclude>
    <ClInclude Include="PointLights.h">
      <Filter>Engine\Light</Filter>
    </ClInclude>
    <ClInclude Include="SpotLights.h">
      <Filter>Engine\Light</Filter>
    </ClInclude>
    <ClInclude Include="ShadowMap.h">
      <Filter>ShadowMap</Filter>
    </ClInclude>
    <ClInclude Include="Enemies.h">
      <Filter>Game</Filter>
    </ClInclude>
    <ClInclude Include="Game\Stage\WallLight.h">
      <Filter>Game\Stage</Filter>
    </ClInclude>
    <ClInclude Include="Game\Stage\Wall.h">
      <Filter>Game\Stage</Filter>
    </ClInclude>
    <ClInclude Include="ShadowSpotLights.h">
      <Filter>Engine\Light</Filter>
    </ClInclude>
    <ClInclude Include="SpotLightShadowMap.h">
      <Filter>ShadowMap</Filter>
    </ClInclude>
    <ClInclude Include="LightNumBuffer.h">
      <Filter>Engine\Light</Filter>
    </ClInclude>
    <ClInclude Include="Game\Stage\Floor.h">
      <Filter>Game\Stage</Filter>
    </ClInclude>
    <ClInclude Include="Game\Stage\Truck.h">
      <Filter>Game\Stage</Filter>
    </ClInclude>
    <ClInclude Include="Game\Character\NormalEnemy.h">
      <Filter>Game\Character</Filter>
    </ClInclude>
    <ClInclude Include="Game\Character\BaseCharacter.h">
      <Filter>Game\Character</Filter>
    </ClInclude>
    <ClInclude Include="Game\Character\EnemyManager.h">
      <Filter>Game\Character</Filter>
    </ClInclude>
    <ClInclude Include="ShadowEdgeRenderer.h">
      <Filter>Engine\PostEffect</Filter>
    </ClInclude>
    <ClInclude Include="Compute.h">
      <Filter>Engine\Coumpute</Filter>
    </ClInclude>
    <ClInclude Include="ShadowIsCollision.h">
      <Filter>Engine\Coumpute</Filter>
    </ClInclude>
    <ClInclude Include="WoodBox.h">
      <Filter>Game\Stage</Filter>
    </ClInclude>
    <ClInclude Include="Game\Character\NormalLightEnemy.h">
      <Filter>Game\Character</Filter>
    </ClInclude>
    <ClInclude Include="Game\Character\ThornEnemy.h">
      <Filter>Game\Character</Filter>
    </ClInclude>
    <ClInclude Include="Game\Character\StandLightEnemy.h">
      <Filter>Game\Character</Filter>
    </ClInclude>
    <ClInclude Include="Game\Character\CannonEnemy.h">
      <Filter>Game\Character</Filter>
    </ClInclude>
    <ClInclude Include="Game\Scene\CreateStageScene.h">
      <Filter>Game\Scene</Filter>
    </ClInclude>
    <ClInclude Include="Game\Scene\InGameScene.h">
      <Filter>Game\Scene</Filter>
    </ClInclude>
    <ClInclude Include="Game\Scene\TitleScene.h">
      <Filter>Game\Scene</Filter>
    </ClInclude>
    <ClInclude Include="DepthRenderer.h">
      <Filter>Engine\Model</Filter>
    </ClInclude>
    <ClInclude Include="Game\Character\Coin.h">
      <Filter>Game\Character</Filter>
    </ClInclude>
    <ClInclude Include="Game\Stage\MoveFloor.h">
      <Filter>Game\Stage</Filter>
    </ClInclude>
    <ClInclude Include="ShadowHitParticle.h">
      <Filter>Game\Stage</Filter>
    </ClInclude>
    <ClInclude Include="HitParticle.h">
      <Filter>Game</Filter>
    </ClInclude>
  </ItemGroup>
  <ItemGroup>
    <FxCompile Include="Resources\shaders\ParticlePS.hlsl">
      <Filter>shaders</Filter>
    </FxCompile>
    <FxCompile Include="Resources\shaders\ParticleVS.hlsl">
      <Filter>shaders</Filter>
    </FxCompile>
    <FxCompile Include="Resources\shaders\SpritePS.hlsl">
      <Filter>shaders</Filter>
    </FxCompile>
    <FxCompile Include="Resources\shaders\SpriteVS.hlsl">
      <Filter>shaders</Filter>
    </FxCompile>
    <FxCompile Include="Resources\shaders\ParticleBoxPS.hlsl">
      <Filter>shaders</Filter>
    </FxCompile>
    <FxCompile Include="Resources\shaders\ParticleBoxVS.hlsl">
      <Filter>shaders</Filter>
    </FxCompile>
    <FxCompile Include="Resources\shaders\PostEffectPS.hlsl">
      <Filter>shaders</Filter>
    </FxCompile>
    <FxCompile Include="Resources\shaders\PostEffectVS.hlsl">
      <Filter>shaders</Filter>
    </FxCompile>
    <FxCompile Include="Resources\shaders\GaussianBlurPS.hlsl">
      <Filter>shaders</Filter>
    </FxCompile>
    <FxCompile Include="Resources\shaders\HorizontalGaussianBlurVS.hlsl">
      <Filter>shaders</Filter>
    </FxCompile>
    <FxCompile Include="Resources\shaders\VerticalGaussianBlurVS.hlsl">
      <Filter>shaders</Filter>
    </FxCompile>
    <FxCompile Include="Resources\shaders\BloomPS.hlsl">
      <Filter>shaders</Filter>
    </FxCompile>
    <FxCompile Include="Resources\shaders\LuminanceExtractionrPS.hlsl">
      <Filter>shaders</Filter>
    </FxCompile>
    <FxCompile Include="Resources\shaders\CS.hlsl">
      <Filter>shaders</Filter>
    </FxCompile>
    <FxCompile Include="Resources\shaders\DeferredRenderingPS.hlsl">
      <Filter>shaders</Filter>
    </FxCompile>
    <FxCompile Include="Resources\shaders\MultiplyPS.hlsl">
      <Filter>shaders</Filter>
    </FxCompile>
    <FxCompile Include="Resources\shaders\EdgePS.hlsl">
      <Filter>shaders</Filter>
    </FxCompile>
    <FxCompile Include="Resources\shaders\EdgeVS.hlsl">
      <Filter>shaders</Filter>
    </FxCompile>
    <FxCompile Include="Resources\shaders\ShadowMapPS.hlsl">
      <Filter>shaders</Filter>
    </FxCompile>
    <FxCompile Include="Resources\shaders\ShadowMapVS.hlsl">
      <Filter>shaders</Filter>
    </FxCompile>
    <FxCompile Include="Resources\shaders\ModelPS.hlsl">
      <Filter>shaders</Filter>
    </FxCompile>
    <FxCompile Include="Resources\shaders\ModelVS.hlsl">
      <Filter>shaders</Filter>
    </FxCompile>
    <FxCompile Include="Resources\shaders\SpotLightShadowMapPS.hlsl">
      <Filter>shaders</Filter>
    </FxCompile>
    <FxCompile Include="Resources\shaders\SpotLightShadowMapVS.hlsl">
      <Filter>shaders</Filter>
    </FxCompile>
    <FxCompile Include="Resources\shaders\ShadowEdgePS.hlsl">
      <Filter>shaders</Filter>
    </FxCompile>
    <FxCompile Include="Resources\shaders\ShadowEdgeVS.hlsl">
      <Filter>shaders</Filter>
    </FxCompile>
    <FxCompile Include="Resources\shaders\ShadowIsCollisionCS.hlsl">
      <Filter>shaders</Filter>
    </FxCompile>
    <FxCompile Include="Resources\shaders\DepthVS.hlsl">
      <Filter>shaders</Filter>
    </FxCompile>
  </ItemGroup>
</Project>